
Microsoft Visual Studio Solution File, Format Version 12.00
# Visual Studio Version 17
VisualStudioVersion = 17.0.32014.148
MinimumVisualStudioVersion = 10.0.40219.1
Project("{2150E333-8FDC-42A3-9474-1A3956D46DE8}") = "src", "src", "{2300896A-E389-4914-ACAA-E4DD889D1BCF}"
EndProject
Project("{9A19103F-16F7-4668-BE54-9A1E7A4F7556}") = "face_finder.WebApi", "src\face_finder.WebApi\face_finder.WebApi.csproj", "{F3B9B048-0429-47F5-B906-ECE8C1C55BF2}"
EndProject
Project("{9A19103F-16F7-4668-BE54-9A1E7A4F7556}") = "face_finder.TelegramBot", "src\face_finder.TelegramBot\face_finder.TelegramBot.csproj", "{B3CDE326-4340-4A83-88FA-5A05A2C58172}"
EndProject
Project("{9A19103F-16F7-4668-BE54-9A1E7A4F7556}") = "face_finder.Shared", "src\face_finder.Shared\face_finder.Shared.csproj", "{4082C65F-1FF7-4143-A6A8-E51469D9EB61}"
EndProject
Project("{2150E333-8FDC-42A3-9474-1A3956D46DE8}") = "tests", "tests", "{70E8117E-A4B9-4CDC-ACBA-4DC351F4CA6E}"
EndProject
Project("{9A19103F-16F7-4668-BE54-9A1E7A4F7556}") = "face_finder.IntegrationTests", "tests\face_finder.IntegrationTests\face_finder.IntegrationTests.csproj", "{0C27AE76-342A-4726-BCC1-B7CA19ACA11A}"
EndProject
Global
	GlobalSection(SolutionConfigurationPlatforms) = preSolution
		Debug|Any CPU = Debug|Any CPU
		Release|Any CPU = Release|Any CPU
	EndGlobalSection
	GlobalSection(ProjectConfigurationPlatforms) = postSolution
		{F3B9B048-0429-47F5-B906-ECE8C1C55BF2}.Debug|Any CPU.ActiveCfg = Debug|Any CPU
		{F3B9B048-0429-47F5-B906-ECE8C1C55BF2}.Debug|Any CPU.Build.0 = Debug|Any CPU
		{F3B9B048-0429-47F5-B906-ECE8C1C55BF2}.Release|Any CPU.ActiveCfg = Release|Any CPU
		{F3B9B048-0429-47F5-B906-ECE8C1C55BF2}.Release|Any CPU.Build.0 = Release|Any CPU
		{B3CDE326-4340-4A83-88FA-5A05A2C58172}.Debug|Any CPU.ActiveCfg = Debug|Any CPU
		{B3CDE326-4340-4A83-88FA-5A05A2C58172}.Debug|Any CPU.Build.0 = Debug|Any CPU
		{B3CDE326-4340-4A83-88FA-5A05A2C58172}.Release|Any CPU.ActiveCfg = Release|Any CPU
		{B3CDE326-4340-4A83-88FA-5A05A2C58172}.Release|Any CPU.Build.0 = Release|Any CPU
		{4082C65F-1FF7-4143-A6A8-E51469D9EB61}.Debug|Any CPU.ActiveCfg = Debug|Any CPU
		{4082C65F-1FF7-4143-A6A8-E51469D9EB61}.Debug|Any CPU.Build.0 = Debug|Any CPU
		{4082C65F-1FF7-4143-A6A8-E51469D9EB61}.Release|Any CPU.ActiveCfg = Release|Any CPU
		{4082C65F-1FF7-4143-A6A8-E51469D9EB61}.Release|Any CPU.Build.0 = Release|Any CPU
		{0C27AE76-342A-4726-BCC1-B7CA19ACA11A}.Debug|Any CPU.ActiveCfg = Debug|Any CPU
		{0C27AE76-342A-4726-BCC1-B7CA19ACA11A}.Debug|Any CPU.Build.0 = Debug|Any CPU
		{0C27AE76-342A-4726-BCC1-B7CA19ACA11A}.Release|Any CPU.ActiveCfg = Release|Any CPU
		{0C27AE76-342A-4726-BCC1-B7CA19ACA11A}.Release|Any CPU.Build.0 = Release|Any CPU
	EndGlobalSection
	GlobalSection(SolutionProperties) = preSolution
		HideSolutionNode = FALSE
	EndGlobalSection
	GlobalSection(NestedProjects) = preSolution
		{F3B9B048-0429-47F5-B906-ECE8C1C55BF2} = {2300896A-E389-4914-ACAA-E4DD889D1BCF}
		{B3CDE326-4340-4A83-88FA-5A05A2C58172} = {2300896A-E389-4914-ACAA-E4DD889D1BCF}
		{4082C65F-1FF7-4143-A6A8-E51469D9EB61} = {2300896A-E389-4914-ACAA-E4DD889D1BCF}
		{0C27AE76-342A-4726-BCC1-B7CA19ACA11A} = {70E8117E-A4B9-4CDC-ACBA-4DC351F4CA6E}
	EndGlobalSection
	GlobalSection(ExtensibilityGlobals) = postSolution
		SolutionGuid = {6106DEF6-FCEB-41A5-AEC3-0BADEC835F8D}
	EndGlobalSection
EndGlobal
